
Microsoft Visual Studio Solution File, Format Version 12.00
# Visual Studio Version 17
VisualStudioVersion = 17.8.34330.188
MinimumVisualStudioVersion = 10.0.40219.1
Project("{FAE04EC0-301F-11D3-BF4B-00C04F79EFBC}") = "Prog122_S24_L2_Notes", "Prog122_S24_L2_Notes.csproj", "{D8ECF1D4-B85A-426F-85F3-50615DE9CA99}"
EndProject
Global
	GlobalSection(SolutionConfigurationPlatforms) = preSolution
		Debug|Any CPU = Debug|Any CPU
		Release|Any CPU = Release|Any CPU
	EndGlobalSection
	GlobalSection(ProjectConfigurationPlatforms) = postSolution
		{D8ECF1D4-B85A-426F-85F3-50615DE9CA99}.Debug|Any CPU.ActiveCfg = Debug|Any CPU
		{D8ECF1D4-B85A-426F-85F3-50615DE9CA99}.Debug|Any CPU.Build.0 = Debug|Any CPU
		{D8ECF1D4-B85A-426F-85F3-50615DE9CA99}.Release|Any CPU.ActiveCfg = Release|Any CPU
		{D8ECF1D4-B85A-426F-85F3-50615DE9CA99}.Release|Any CPU.Build.0 = Release|Any CPU
	EndGlobalSection
	GlobalSection(SolutionProperties) = preSolution
		HideSolutionNode = FALSE
	EndGlobalSection
	GlobalSection(ExtensibilityGlobals) = postSolution
		SolutionGuid = {441904C7-0109-4D85-A700-9A6D107D6A52}
	EndGlobalSection
EndGlobal
